
Microsoft Visual Studio Solution File, Format Version 12.00
# Visual Studio Version 17
VisualStudioVersion = 17.14.35906.104 d17.14
MinimumVisualStudioVersion = 10.0.40219.1
Project("{FAE04EC0-301F-11D3-BF4B-00C04F79EFBC}") = "API", "API\API.csproj", "{324D8F41-B20C-492D-B0CE-86879E02D11D}"
EndProject
Global
	GlobalSection(SolutionConfigurationPlatforms) = preSolution
		Debug|Any CPU = Debug|Any CPU
		Release|Any CPU = Release|Any CPU
	EndGlobalSection
	GlobalSection(ProjectConfigurationPlatforms) = postSolution
		{324D8F41-B20C-492D-B0CE-86879E02D11D}.Debug|Any CPU.ActiveCfg = Debug|Any CPU
		{324D8F41-B20C-492D-B0CE-86879E02D11D}.Debug|Any CPU.Build.0 = Debug|Any CPU
		{324D8F41-B20C-492D-B0CE-86879E02D11D}.Release|Any CPU.ActiveCfg = Release|Any CPU
		{324D8F41-B20C-492D-B0CE-86879E02D11D}.Release|Any CPU.Build.0 = Release|Any CPU
	EndGlobalSection
	GlobalSection(SolutionProperties) = preSolution
		HideSolutionNode = FALSE
	EndGlobalSection
	GlobalSection(ExtensibilityGlobals) = postSolution
		SolutionGuid = {84BE809E-63B4-4E43-A320-7BFFC7D17887}
	EndGlobalSection
EndGlobal
